
Microsoft Visual Studio Solution File, Format Version 12.00
# Visual Studio 15
VisualStudioVersion = 15.0.26403.7
MinimumVisualStudioVersion = 10.0.40219.1
Project("{FAE04EC0-301F-11D3-BF4B-00C04F79EFBC}") = "Aula160517", "Aula160517\Aula160517.csproj", "{EDDCB893-63FE-4603-B529-FD3C36958D13}"
EndProject
Global
	GlobalSection(SolutionConfigurationPlatforms) = preSolution
		Debug|Any CPU = Debug|Any CPU
		Release|Any CPU = Release|Any CPU
	EndGlobalSection
	GlobalSection(ProjectConfigurationPlatforms) = postSolution
		{EDDCB893-63FE-4603-B529-FD3C36958D13}.Debug|Any CPU.ActiveCfg = Debug|Any CPU
		{EDDCB893-63FE-4603-B529-FD3C36958D13}.Debug|Any CPU.Build.0 = Debug|Any CPU
		{EDDCB893-63FE-4603-B529-FD3C36958D13}.Release|Any CPU.ActiveCfg = Release|Any CPU
		{EDDCB893-63FE-4603-B529-FD3C36958D13}.Release|Any CPU.Build.0 = Release|Any CPU
	EndGlobalSection
	GlobalSection(SolutionProperties) = preSolution
		HideSolutionNode = FALSE
	EndGlobalSection
EndGlobal
